# THIS IS AN AUTOGENERATED FILE. DO NOT EDIT THIS FILE DIRECTLY.
# yarn lockfile v1


"@alicloud/dybaseapi@^1.0.0":
  version "1.0.0"
  resolved "http://npm.f2e.mogujie.org/@alicloud/dybaseapi/download/@alicloud/dybaseapi-1.0.0.tgz#552edd0990f90dbd69d40237cdfeffc366d0a1f5"
  dependencies:
    "@alicloud/pop-core" "^1.3.3"

"@alicloud/dysmsapi@^1.0.0":
  version "1.0.0"
  resolved "http://npm.f2e.mogujie.org/@alicloud/dysmsapi/download/@alicloud/dysmsapi-1.0.0.tgz#712ddd7ecff5c063537a3c304867d2eae02ffc95"
  dependencies:
    "@alicloud/pop-core" "^1.3.3"

"@alicloud/mns@^1.0.0-beta4":
  version "1.0.0-beta5"
  resolved "http://npm.f2e.mogujie.org/@alicloud/mns/download/@alicloud/mns-1.0.0-beta5.tgz#aea60984f6715bbc9f7ea2f8aaef844f241f4b68"
  dependencies:
    debug "^2.6.3"
    httpx "^2.1.1"
    kitx "^1.2.0"
    xml2js "^0.4.17"

"@alicloud/pop-core@^1.3.3":
  version "1.5.0"
  resolved "http://npm.f2e.mogujie.org/@alicloud/pop-core/download/@alicloud/pop-core-1.5.0.tgz#b0f44b216237ee278d4dde245f287c94daffd68d"
  dependencies:
    httpx "^2.1.2"
    json-bigint "^0.2.3"
    kitx "^1.2.1"
    xml2js "^0.4.17"

"@alicloud/sms-sdk@^1.0.2":
  version "1.0.2"
  resolved "http://npm.f2e.mogujie.org/@alicloud/sms-sdk/download/@alicloud/sms-sdk-1.0.2.tgz#8842ed88bc88e55a9deaf28ba5b2c872aa48f5c1"
  dependencies:
    "@alicloud/dybaseapi" "^1.0.0"
    "@alicloud/dysmsapi" "^1.0.0"
    "@alicloud/mns" "^1.0.0-beta4"

"@types/node@*":
  version "10.3.4"
  resolved "http://npm.f2e.mogujie.org/@types/node/download/@types/node-10.3.4.tgz#c74e8aec19e555df44609b8057311052a2c84d9e"

bignumber.js@^4.0.0:
  version "4.1.0"
  resolved "http://npm.f2e.mogujie.org/bignumber.js/download/bignumber.js-4.1.0.tgz#db6f14067c140bd46624815a7916c92d9b6c24b1"

biskviit@1.0.1:
  version "1.0.1"
  resolved "http://npm.f2e.mogujie.org/biskviit/download/biskviit-1.0.1.tgz#037a0cd4b71b9e331fd90a1122de17dc49e420a7"
  dependencies:
    psl "^1.1.7"

boolbase@~1.0.0:
  version "1.0.0"
  resolved "http://npm.f2e.mogujie.org/boolbase/download/boolbase-1.0.0.tgz#68dff5fbe60c51eb37725ea9e3ed310dcc1e776e"

cheerio@^1.0.0-rc.2:
  version "1.0.0-rc.2"
  resolved "http://npm.f2e.mogujie.org/cheerio/download/cheerio-1.0.0-rc.2.tgz#4b9f53a81b27e4d5dac31c0ffd0cfa03cc6830db"
  dependencies:
    css-select "~1.2.0"
    dom-serializer "~0.1.0"
    entities "~1.1.1"
    htmlparser2 "^3.9.1"
    lodash "^4.15.0"
    parse5 "^3.0.1"

core-util-is@~1.0.0:
  version "1.0.2"
  resolved "http://npm.f2e.mogujie.org/core-util-is/download/core-util-is-1.0.2.tgz#b5fd54220aa2bc5ab57aab7140c940754503c1a7"

cron-parser@^2.4.0:
  version "2.4.3"
  resolved "http://npm.f2e.mogujie.org/cron-parser/download/cron-parser-2.4.3.tgz#cae844c20117fc72c678f63ac83c7884be199e78"
  dependencies:
    is-nan "^1.2.1"
    moment-timezone "^0.5.0"

css-select@~1.2.0:
  version "1.2.0"
  resolved "http://npm.f2e.mogujie.org/css-select/download/css-select-1.2.0.tgz#2b3a110539c5355f1cd8d314623e870b121ec858"
  dependencies:
    boolbase "~1.0.0"
    css-what "2.1"
    domutils "1.5.1"
    nth-check "~1.0.1"

css-what@2.1:
  version "2.1.0"
  resolved "http://npm.f2e.mogujie.org/css-what/download/css-what-2.1.0.tgz#9467d032c38cfaefb9f2d79501253062f87fa1bd"

debug@^2.2.0, debug@^2.6.3:
  version "2.6.9"
  resolved "http://npm.f2e.mogujie.org/debug/download/debug-2.6.9.tgz#5d128515df134ff327e90a4c93f4e077a536341f"
  dependencies:
    ms "2.0.0"

define-properties@^1.1.1:
  version "1.1.2"
  resolved "http://npm.f2e.mogujie.org/define-properties/download/define-properties-1.1.2.tgz#83a73f2fea569898fb737193c8f873caf6d45c94"
  dependencies:
    foreach "^2.0.5"
    object-keys "^1.0.8"

dom-serializer@0, dom-serializer@~0.1.0:
  version "0.1.0"
  resolved "http://npm.f2e.mogujie.org/dom-serializer/download/dom-serializer-0.1.0.tgz#073c697546ce0780ce23be4a28e293e40bc30c82"
  dependencies:
    domelementtype "~1.1.1"
    entities "~1.1.1"

domelementtype@1, domelementtype@^1.3.0:
  version "1.3.0"
  resolved "http://npm.f2e.mogujie.org/domelementtype/download/domelementtype-1.3.0.tgz#b17aed82e8ab59e52dd9c19b1756e0fc187204c2"

domelementtype@~1.1.1:
  version "1.1.3"
  resolved "http://npm.f2e.mogujie.org/domelementtype/download/domelementtype-1.1.3.tgz#bd28773e2642881aec51544924299c5cd822185b"

domhandler@^2.3.0:
  version "2.4.2"
  resolved "http://npm.f2e.mogujie.org/domhandler/download/domhandler-2.4.2.tgz#8805097e933d65e85546f726d60f5eb88b44f803"
  dependencies:
    domelementtype "1"

domutils@1.5.1:
  version "1.5.1"
  resolved "http://npm.f2e.mogujie.org/domutils/download/domutils-1.5.1.tgz#dcd8488a26f563d61079e48c9f7b7e32373682cf"
  dependencies:
    dom-serializer "0"
    domelementtype "1"

domutils@^1.5.1:
  version "1.7.0"
  resolved "http://npm.f2e.mogujie.org/domutils/download/domutils-1.7.0.tgz#56ea341e834e06e6748af7a1cb25da67ea9f8c2a"
  dependencies:
    dom-serializer "0"
    domelementtype "1"

encoding@0.1.12:
  version "0.1.12"
  resolved "http://npm.f2e.mogujie.org/encoding/download/encoding-0.1.12.tgz#538b66f3ee62cd1ab51ec323829d1f9480c74beb"
  dependencies:
    iconv-lite "~0.4.13"

entities@^1.1.1, entities@~1.1.1:
  version "1.1.1"
  resolved "http://npm.f2e.mogujie.org/entities/download/entities-1.1.1.tgz#6e5c2d0a5621b5dadaecef80b90edfb5cd7772f0"

fetch@^1.1.0:
  version "1.1.0"
  resolved "http://npm.f2e.mogujie.org/fetch/download/fetch-1.1.0.tgz#0a8279f06be37f9f0ebb567560a30a480da59a2e"
  dependencies:
    biskviit "1.0.1"
    encoding "0.1.12"

foreach@^2.0.5:
  version "2.0.5"
  resolved "http://npm.f2e.mogujie.org/foreach/download/foreach-2.0.5.tgz#0bee005018aeb260d0a3af3ae658dd0136ec1b99"

htmlparser2@^3.9.1:
  version "3.9.2"
  resolved "http://npm.f2e.mogujie.org/htmlparser2/download/htmlparser2-3.9.2.tgz#1bdf87acca0f3f9e53fa4fcceb0f4b4cbb00b338"
  dependencies:
    domelementtype "^1.3.0"
    domhandler "^2.3.0"
    domutils "^1.5.1"
    entities "^1.1.1"
    inherits "^2.0.1"
    readable-stream "^2.0.2"

httpx@^2.1.1, httpx@^2.1.2:
  version "2.1.2"
  resolved "http://npm.f2e.mogujie.org/httpx/download/httpx-2.1.2.tgz#59aec158ad68df0aad368a729b25f22a8dbfb114"
  dependencies:
    debug "^2.2.0"

iconv-lite@~0.4.13:
  version "0.4.23"
  resolved "http://npm.f2e.mogujie.org/iconv-lite/download/iconv-lite-0.4.23.tgz#297871f63be507adcfbfca715d0cd0eed84e9a63"
  dependencies:
    safer-buffer ">= 2.1.2 < 3"

inherits@^2.0.1, inherits@~2.0.3:
  version "2.0.3"
  resolved "http://npm.f2e.mogujie.org/inherits/download/inherits-2.0.3.tgz#633c2c83e3da42a502f52466022480f4208261de"

is-nan@^1.2.1:
  version "1.2.1"
  resolved "http://npm.f2e.mogujie.org/is-nan/download/is-nan-1.2.1.tgz#9faf65b6fb6db24b7f5c0628475ea71f988401e2"
  dependencies:
    define-properties "^1.1.1"

isarray@~1.0.0:
  version "1.0.0"
  resolved "http://npm.f2e.mogujie.org/isarray/download/isarray-1.0.0.tgz#bb935d48582cba168c06834957a54a3e07124f11"

json-bigint@^0.2.3:
  version "0.2.3"
  resolved "http://npm.f2e.mogujie.org/json-bigint/download/json-bigint-0.2.3.tgz#118d7f6ff1d38659f19f94cf73e64a75a3f988a8"
  dependencies:
    bignumber.js "^4.0.0"

kitx@^1.2.0, kitx@^1.2.1:
  version "1.3.0"
  resolved "http://npm.f2e.mogujie.org/kitx/download/kitx-1.3.0.tgz#ab3ee7c598d2b1d629fd55568f868c4440c200ea"

lodash@^4.15.0:
  version "4.17.10"
  resolved "http://npm.f2e.mogujie.org/lodash/download/lodash-4.17.10.tgz#1b7793cf7259ea38fb3661d4d38b3260af8ae4e7"

long-timeout@0.1.1:
  version "0.1.1"
  resolved "http://npm.f2e.mogujie.org/long-timeout/download/long-timeout-0.1.1.tgz#9721d788b47e0bcb5a24c2e2bee1a0da55dab514"

moment-timezone@^0.5.0:
  version "0.5.14"
  resolved "http://npm.f2e.mogujie.org/moment-timezone/download/moment-timezone-0.5.14.tgz#4eb38ff9538b80108ba467a458f3ed4268ccfcb1"
  dependencies:
    moment ">= 2.9.0"

"moment@>= 2.9.0":
  version "2.19.4"
  resolved "http://npm.f2e.mogujie.org/moment/download/moment-2.19.4.tgz#17e5e2c6ead8819c8ecfad83a0acccb312e94682"

ms@2.0.0:
  version "2.0.0"
  resolved "http://npm.f2e.mogujie.org/ms/download/ms-2.0.0.tgz#5608aeadfc00be6c2901df5f9861788de0d597c8"

node-schedule@^1.2.5:
  version "1.2.5"
  resolved "http://npm.f2e.mogujie.org/node-schedule/download/node-schedule-1.2.5.tgz#fb30f4e4d1dd1e81c536f9495d5da0e9e2d7de14"
  dependencies:
    cron-parser "^2.4.0"
    long-timeout "0.1.1"
    sorted-array-functions "^1.0.0"

nth-check@~1.0.1:
  version "1.0.1"
  resolved "http://npm.f2e.mogujie.org/nth-check/download/nth-check-1.0.1.tgz#9929acdf628fc2c41098deab82ac580cf149aae4"
  dependencies:
    boolbase "~1.0.0"

object-keys@^1.0.8:
  version "1.0.11"
  resolved "http://npm.f2e.mogujie.org/object-keys/download/object-keys-1.0.11.tgz#c54601778ad560f1142ce0e01bcca8b56d13426d"

parse5@^3.0.1:
  version "3.0.3"
  resolved "http://npm.f2e.mogujie.org/parse5/download/parse5-3.0.3.tgz#042f792ffdd36851551cf4e9e066b3874ab45b5c"
  dependencies:
    "@types/node" "*"

process-nextick-args@~2.0.0:
  version "2.0.0"
  resolved "http://npm.f2e.mogujie.org/process-nextick-args/download/process-nextick-args-2.0.0.tgz#a37d732f4271b4ab1ad070d35508e8290788ffaa"

psl@^1.1.7:
  version "1.1.28"
  resolved "http://npm.f2e.mogujie.org/psl/download/psl-1.1.28.tgz#4fb6ceb08a1e2214d4fd4de0ca22dae13740bc7b"

readable-stream@^2.0.2:
  version "2.3.6"
  resolved "http://npm.f2e.mogujie.org/readable-stream/download/readable-stream-2.3.6.tgz#b11c27d88b8ff1fbe070643cf94b0c79ae1b0aaf"
  dependencies:
    core-util-is "~1.0.0"
    inherits "~2.0.3"
    isarray "~1.0.0"
    process-nextick-args "~2.0.0"
    safe-buffer "~5.1.1"
    string_decoder "~1.1.1"
    util-deprecate "~1.0.1"

safe-buffer@~5.1.0, safe-buffer@~5.1.1:
  version "5.1.2"
  resolved "http://npm.f2e.mogujie.org/safe-buffer/download/safe-buffer-5.1.2.tgz#991ec69d296e0313747d59bdfd2b745c35f8828d"

"safer-buffer@>= 2.1.2 < 3":
  version "2.1.2"
  resolved "http://npm.f2e.mogujie.org/safer-buffer/download/safer-buffer-2.1.2.tgz#44fa161b0187b9549dd84bb91802f9bd8385cd6a"

sax@>=0.6.0:
  version "1.2.4"
  resolved "http://npm.f2e.mogujie.org/sax/download/sax-1.2.4.tgz#2816234e2378bddc4e5354fab5caa895df7100d9"

sorted-array-functions@^1.0.0:
  version "1.0.0"
  resolved "http://npm.f2e.mogujie.org/sorted-array-functions/download/sorted-array-functions-1.0.0.tgz#c0b554d9e709affcbe56d34c1b2514197fd38279"

string_decoder@~1.1.1:
  version "1.1.1"
  resolved "http://npm.f2e.mogujie.org/string_decoder/download/string_decoder-1.1.1.tgz#9cf1611ba62685d7030ae9e4ba34149c3af03fc8"
  dependencies:
    safe-buffer "~5.1.0"

util-deprecate@~1.0.1:
  version "1.0.2"
  resolved "http://npm.f2e.mogujie.org/util-deprecate/download/util-deprecate-1.0.2.tgz#450d4dc9fa70de732762fbd2d4a28981419a0ccf"

xml2js@^0.4.17:
  version "0.4.19"
  resolved "http://npm.f2e.mogujie.org/xml2js/download/xml2js-0.4.19.tgz#686c20f213209e94abf0d1bcf1efaa291c7827a7"
  dependencies:
    sax ">=0.6.0"
    xmlbuilder "~9.0.1"

xmlbuilder@~9.0.1:
  version "9.0.4"
  resolved "http://npm.f2e.mogujie.org/xmlbuilder/download/xmlbuilder-9.0.4.tgz#519cb4ca686d005a8420d3496f3f0caeecca580f"
